{
  "name": "createschedule",
  "version": "1.0.0",
  "lockfileVersion": 2,
  "requires": true,
  "packages": {
    "": {
      "name": "createschedule",
      "version": "1.0.0",
      "license": "ISC",
      "dependencies": {
        "clingo-wasm": "^0.0.10",
        "fp-ts": "^2.12.1",
        "graphql": "^16.8.1"
      },
      "devDependencies": {
        "@types/aws-lambda": "^8.10.95",
        "typescript": "^4.6.4"
      }
    },
    "node_modules/@types/aws-lambda": {
      "version": "8.10.121",
      "resolved": "https://registry.npmjs.org/@types/aws-lambda/-/aws-lambda-8.10.121.tgz",
      "integrity": "sha512-Y/jsUwO18HuC0a39BuMQkSOd/kMGATh/h5LNksw8FlTafbQ3Ge3578ZoT8w8gSOsWl2qH1p/SS/R61vc0X5jIQ==",
      "dev": true
    },
    "node_modules/@types/emscripten": {
      "version": "1.39.6",
      "resolved": "https://registry.npmjs.org/@types/emscripten/-/emscripten-1.39.6.tgz",
      "integrity": "sha512-H90aoynNhhkQP6DRweEjJp5vfUVdIj7tdPLsu7pq89vODD/lcugKfZOsfgwpvM6XUewEp2N5dCg1Uf3Qe55Dcg=="
    },
    "node_modules/clingo-wasm": {
      "version": "0.0.10",
      "resolved": "https://registry.npmjs.org/clingo-wasm/-/clingo-wasm-0.0.10.tgz",
      "integrity": "sha512-rodfGmolUIbb2aZ7s7R11XfBZXYir2cY+t2LaPeGS0tbxZPeTyMg4rfGjHFuNeCcXocpdc8qRZgXqBXL4lM3RQ==",
      "dependencies": {
        "@types/emscripten": "^1.39.6"
      }
    },
    "node_modules/fp-ts": {
      "version": "2.16.1",
      "resolved": "https://registry.npmjs.org/fp-ts/-/fp-ts-2.16.1.tgz",
      "integrity": "sha512-by7U5W8dkIzcvDofUcO42yl9JbnHTEDBrzu3pt5fKT+Z4Oy85I21K80EYJYdjQGC2qum4Vo55Ag57iiIK4FYuA=="
    },
    "node_modules/graphql": {
      "version": "16.8.1",
      "resolved": "https://registry.npmjs.org/graphql/-/graphql-16.8.1.tgz",
      "integrity": "sha512-59LZHPdGZVh695Ud9lRzPBVTtlX9ZCV150Er2W43ro37wVof0ctenSaskPPjN7lVTIN8mSZt8PHUNKZuNQUuxw==",
      "engines": {
        "node": "^12.22.0 || ^14.16.0 || ^16.0.0 || >=17.0.0"
      }
    },
    "node_modules/typescript": {
      "version": "4.9.5",
      "resolved": "https://registry.npmjs.org/typescript/-/typescript-4.9.5.tgz",
      "integrity": "sha512-1FXk9E2Hm+QzZQ7z+McJiHL4NW1F2EzMu9Nq9i3zAaGqibafqYwCVU6WyWAuyQRRzOlxou8xZSyXLEN8oKj24g==",
      "dev": true,
      "bin": {
        "tsc": "bin/tsc",
        "tsserver": "bin/tsserver"
      },
      "engines": {
        "node": ">=4.2.0"
      }
    }
  },
  "dependencies": {
    "@types/aws-lambda": {
      "version": "8.10.121",
      "resolved": "https://registry.npmjs.org/@types/aws-lambda/-/aws-lambda-8.10.121.tgz",
      "integrity": "sha512-Y/jsUwO18HuC0a39BuMQkSOd/kMGATh/h5LNksw8FlTafbQ3Ge3578ZoT8w8gSOsWl2qH1p/SS/R61vc0X5jIQ==",
      "dev": true
    },
    "@types/emscripten": {
      "version": "1.39.6",
      "resolved": "https://registry.npmjs.org/@types/emscripten/-/emscripten-1.39.6.tgz",
      "integrity": "sha512-H90aoynNhhkQP6DRweEjJp5vfUVdIj7tdPLsu7pq89vODD/lcugKfZOsfgwpvM6XUewEp2N5dCg1Uf3Qe55Dcg=="
    },
    "clingo-wasm": {
      "version": "0.0.10",
      "resolved": "https://registry.npmjs.org/clingo-wasm/-/clingo-wasm-0.0.10.tgz",
      "integrity": "sha512-rodfGmolUIbb2aZ7s7R11XfBZXYir2cY+t2LaPeGS0tbxZPeTyMg4rfGjHFuNeCcXocpdc8qRZgXqBXL4lM3RQ==",
      "requires": {
        "@types/emscripten": "^1.39.6"
      }
    },
    "fp-ts": {
      "version": "2.16.1",
      "resolved": "https://registry.npmjs.org/fp-ts/-/fp-ts-2.16.1.tgz",
      "integrity": "sha512-by7U5W8dkIzcvDofUcO42yl9JbnHTEDBrzu3pt5fKT+Z4Oy85I21K80EYJYdjQGC2qum4Vo55Ag57iiIK4FYuA=="
    },
    "graphql": {
      "version": "16.8.1",
      "resolved": "https://registry.npmjs.org/graphql/-/graphql-16.8.1.tgz",
      "integrity": "sha512-59LZHPdGZVh695Ud9lRzPBVTtlX9ZCV150Er2W43ro37wVof0ctenSaskPPjN7lVTIN8mSZt8PHUNKZuNQUuxw=="
    },
    "typescript": {
      "version": "4.9.5",
      "resolved": "https://registry.npmjs.org/typescript/-/typescript-4.9.5.tgz",
      "integrity": "sha512-1FXk9E2Hm+QzZQ7z+McJiHL4NW1F2EzMu9Nq9i3zAaGqibafqYwCVU6WyWAuyQRRzOlxou8xZSyXLEN8oKj24g==",
      "dev": true
    }
  }
}
