# THIS IS AN AUTOGENERATED FILE. DO NOT EDIT THIS FILE DIRECTLY.
# yarn lockfile v1


"@types/aws-lambda@^8.10.95":
  version "8.10.95"
  resolved "https://registry.npmjs.org/@types/aws-lambda/-/aws-lambda-8.10.95.tgz#7ba7b22b5967f40ceaf293082bbc3863a06e33f7"
  integrity sha512-wGtzLbd04EmqhFjTZmXgLzvmhDdyVU7AMo/JkiPmA2VUdBFQfUBQFCEzaVVK+f1PP5aWx1ejnb7K/8MXYI/frQ==

"@types/emscripten@^1.39.6":
  version "1.39.6"
  resolved "https://registry.npmjs.org/@types/emscripten/-/emscripten-1.39.6.tgz#698b90fe60d44acf93c31064218fbea93fbfd85a"
  integrity sha512-H90aoynNhhkQP6DRweEjJp5vfUVdIj7tdPLsu7pq89vODD/lcugKfZOsfgwpvM6XUewEp2N5dCg1Uf3Qe55Dcg==

clingo-wasm@^0.0.10:
  version "0.0.10"
  resolved "https://registry.npmjs.org/clingo-wasm/-/clingo-wasm-0.0.10.tgz#951a62cc1f534d946e7fdf97fbeac217035fc1b2"
  integrity sha512-rodfGmolUIbb2aZ7s7R11XfBZXYir2cY+t2LaPeGS0tbxZPeTyMg4rfGjHFuNeCcXocpdc8qRZgXqBXL4lM3RQ==
  dependencies:
    "@types/emscripten" "^1.39.6"

graphql@^16.4.0:
  version "16.4.0"
  resolved "https://registry.npmjs.org/graphql/-/graphql-16.4.0.tgz#bb10b1b4683045dedcb67000eb4ad134a36c59e6"
  integrity sha512-tYDNcRvKCcfHREZYje3v33NSrSD/ZpbWWdPtBtUUuXx9NCo/2QDxYzNqCnMvfsrnbwRpEHMovVrPu/ERoLrIRg==

typescript@^4.6.4:
  version "4.6.4"
  resolved "https://registry.npmjs.org/typescript/-/typescript-4.6.4.tgz#caa78bbc3a59e6a5c510d35703f6a09877ce45e9"
  integrity sha512-9ia/jWHIEbo49HfjrLGfKbZSuWo9iTMwXO+Ca3pRsSpbsMbc7/IU8NKdCZVRRBafVPGnoJeFL76ZOAA84I9fEg==
